
Microsoft Visual Studio Solution File, Format Version 12.00
# Visual Studio Version 17
VisualStudioVersion = 17.6.33815.320
MinimumVisualStudioVersion = 10.0.40219.1
Project("{FAE04EC0-301F-11D3-BF4B-00C04F79EFBC}") = "Assesment_09", "Assesment_09.csproj", "{56CDC87B-0C83-485B-91B0-20F2558AF53E}"
EndProject
Global
	GlobalSection(SolutionConfigurationPlatforms) = preSolution
		Debug|Any CPU = Debug|Any CPU
		Release|Any CPU = Release|Any CPU
	EndGlobalSection
	GlobalSection(ProjectConfigurationPlatforms) = postSolution
		{56CDC87B-0C83-485B-91B0-20F2558AF53E}.Debug|Any CPU.ActiveCfg = Debug|Any CPU
		{56CDC87B-0C83-485B-91B0-20F2558AF53E}.Debug|Any CPU.Build.0 = Debug|Any CPU
		{56CDC87B-0C83-485B-91B0-20F2558AF53E}.Release|Any CPU.ActiveCfg = Release|Any CPU
		{56CDC87B-0C83-485B-91B0-20F2558AF53E}.Release|Any CPU.Build.0 = Release|Any CPU
	EndGlobalSection
	GlobalSection(SolutionProperties) = preSolution
		HideSolutionNode = FALSE
	EndGlobalSection
	GlobalSection(ExtensibilityGlobals) = postSolution
		SolutionGuid = {B159EF0E-C219-44E3-85B0-EEF7019DD6B2}
	EndGlobalSection
EndGlobal
